
Microsoft Visual Studio Solution File, Format Version 12.00
# Visual Studio 14
VisualStudioVersion = 14.0.25420.1
MinimumVisualStudioVersion = 10.0.40219.1
Project("{FAE04EC0-301F-11D3-BF4B-00C04F79EFBC}") = "ByteCode", "ByteCode\ByteCode.csproj", "{BEF19D1C-6168-4AEF-8C26-CCE2F59A1895}"
EndProject
Project("{FAE04EC0-301F-11D3-BF4B-00C04F79EFBC}") = "ByteCodeTestProject", "ByteCodeTestProject\ByteCodeTestProject.csproj", "{7A9BC417-9E33-48F1-B6B8-9CB01D15F0BE}"
EndProject
Global
	GlobalSection(SolutionConfigurationPlatforms) = preSolution
		Debug|Any CPU = Debug|Any CPU
		Release|Any CPU = Release|Any CPU
	EndGlobalSection
	GlobalSection(ProjectConfigurationPlatforms) = postSolution
		{BEF19D1C-6168-4AEF-8C26-CCE2F59A1895}.Debug|Any CPU.ActiveCfg = Debug|Any CPU
		{BEF19D1C-6168-4AEF-8C26-CCE2F59A1895}.Debug|Any CPU.Build.0 = Debug|Any CPU
		{BEF19D1C-6168-4AEF-8C26-CCE2F59A1895}.Release|Any CPU.ActiveCfg = Release|Any CPU
		{BEF19D1C-6168-4AEF-8C26-CCE2F59A1895}.Release|Any CPU.Build.0 = Release|Any CPU
		{7A9BC417-9E33-48F1-B6B8-9CB01D15F0BE}.Debug|Any CPU.ActiveCfg = Debug|Any CPU
		{7A9BC417-9E33-48F1-B6B8-9CB01D15F0BE}.Debug|Any CPU.Build.0 = Debug|Any CPU
		{7A9BC417-9E33-48F1-B6B8-9CB01D15F0BE}.Release|Any CPU.ActiveCfg = Release|Any CPU
		{7A9BC417-9E33-48F1-B6B8-9CB01D15F0BE}.Release|Any CPU.Build.0 = Release|Any CPU
	EndGlobalSection
	GlobalSection(SolutionProperties) = preSolution
		HideSolutionNode = FALSE
	EndGlobalSection
EndGlobal
